
Microsoft Visual Studio Solution File, Format Version 12.00
# Visual Studio Version 17
VisualStudioVersion = 17.0.31903.59
MinimumVisualStudioVersion = 10.0.40219.1
Project("{2150E333-8FDC-42A3-9474-1A3956D46DE8}") = "src", "src", "{827E0CD3-B72D-47B6-A68D-7590B98EB39B}"
EndProject
Project("{FAE04EC0-301F-11D3-BF4B-00C04F79EFBC}") = "PokeShakes.Api", "src\PokeShakes.Api\PokeShakes.Api.csproj", "{A66A7C95-FEF6-4F99-847B-344C34889551}"
EndProject
Project("{2150E333-8FDC-42A3-9474-1A3956D46DE8}") = "tests", "tests", "{0AB3BF05-4346-4AA6-1389-037BE0695223}"
	ProjectSection(SolutionItems) = preProject
		GlobalUsings.cs = GlobalUsings.cs
	EndProjectSection
EndProject
Project("{FAE04EC0-301F-11D3-BF4B-00C04F79EFBC}") = "PokeShakes.Tests", "tests\PokeShakes.Tests\PokeShakes.Tests.csproj", "{DBBF6206-DD1A-43A0-8EB8-3BF028ADEF6D}"
EndProject
Global
	GlobalSection(SolutionConfigurationPlatforms) = preSolution
		Debug|Any CPU = Debug|Any CPU
		Debug|x64 = Debug|x64
		Debug|x86 = Debug|x86
		Release|Any CPU = Release|Any CPU
		Release|x64 = Release|x64
		Release|x86 = Release|x86
	EndGlobalSection
	GlobalSection(ProjectConfigurationPlatforms) = postSolution
		{A66A7C95-FEF6-4F99-847B-344C34889551}.Debug|Any CPU.ActiveCfg = Debug|Any CPU
		{A66A7C95-FEF6-4F99-847B-344C34889551}.Debug|Any CPU.Build.0 = Debug|Any CPU
		{A66A7C95-FEF6-4F99-847B-344C34889551}.Debug|x64.ActiveCfg = Debug|Any CPU
		{A66A7C95-FEF6-4F99-847B-344C34889551}.Debug|x64.Build.0 = Debug|Any CPU
		{A66A7C95-FEF6-4F99-847B-344C34889551}.Debug|x86.ActiveCfg = Debug|Any CPU
		{A66A7C95-FEF6-4F99-847B-344C34889551}.Debug|x86.Build.0 = Debug|Any CPU
		{A66A7C95-FEF6-4F99-847B-344C34889551}.Release|Any CPU.ActiveCfg = Release|Any CPU
		{A66A7C95-FEF6-4F99-847B-344C34889551}.Release|Any CPU.Build.0 = Release|Any CPU
		{A66A7C95-FEF6-4F99-847B-344C34889551}.Release|x64.ActiveCfg = Release|Any CPU
		{A66A7C95-FEF6-4F99-847B-344C34889551}.Release|x64.Build.0 = Release|Any CPU
		{A66A7C95-FEF6-4F99-847B-344C34889551}.Release|x86.ActiveCfg = Release|Any CPU
		{A66A7C95-FEF6-4F99-847B-344C34889551}.Release|x86.Build.0 = Release|Any CPU
		{DBBF6206-DD1A-43A0-8EB8-3BF028ADEF6D}.Debug|Any CPU.ActiveCfg = Debug|Any CPU
		{DBBF6206-DD1A-43A0-8EB8-3BF028ADEF6D}.Debug|Any CPU.Build.0 = Debug|Any CPU
		{DBBF6206-DD1A-43A0-8EB8-3BF028ADEF6D}.Debug|x64.ActiveCfg = Debug|Any CPU
		{DBBF6206-DD1A-43A0-8EB8-3BF028ADEF6D}.Debug|x64.Build.0 = Debug|Any CPU
		{DBBF6206-DD1A-43A0-8EB8-3BF028ADEF6D}.Debug|x86.ActiveCfg = Debug|Any CPU
		{DBBF6206-DD1A-43A0-8EB8-3BF028ADEF6D}.Debug|x86.Build.0 = Debug|Any CPU
		{DBBF6206-DD1A-43A0-8EB8-3BF028ADEF6D}.Release|Any CPU.ActiveCfg = Release|Any CPU
		{DBBF6206-DD1A-43A0-8EB8-3BF028ADEF6D}.Release|Any CPU.Build.0 = Release|Any CPU
		{DBBF6206-DD1A-43A0-8EB8-3BF028ADEF6D}.Release|x64.ActiveCfg = Release|Any CPU
		{DBBF6206-DD1A-43A0-8EB8-3BF028ADEF6D}.Release|x64.Build.0 = Release|Any CPU
		{DBBF6206-DD1A-43A0-8EB8-3BF028ADEF6D}.Release|x86.ActiveCfg = Release|Any CPU
		{DBBF6206-DD1A-43A0-8EB8-3BF028ADEF6D}.Release|x86.Build.0 = Release|Any CPU
	EndGlobalSection
	GlobalSection(SolutionProperties) = preSolution
		HideSolutionNode = FALSE
	EndGlobalSection
	GlobalSection(NestedProjects) = preSolution
		{A66A7C95-FEF6-4F99-847B-344C34889551} = {827E0CD3-B72D-47B6-A68D-7590B98EB39B}
		{DBBF6206-DD1A-43A0-8EB8-3BF028ADEF6D} = {0AB3BF05-4346-4AA6-1389-037BE0695223}
	EndGlobalSection
EndGlobal
